
Microsoft Visual Studio Solution File, Format Version 12.00
# Visual Studio Version 17
VisualStudioVersion = 17.14.37111.16 d17.14
MinimumVisualStudioVersion = 10.0.40219.1
Project("{FAE04EC0-301F-11D3-BF4B-00C04F79EFBC}") = "SocialMatrix.WpfHost", "SocialMatrix.WpfHost.csproj", "{D4407276-1C4E-530A-C601-295724A94157}"
EndProject
Global
	GlobalSection(SolutionConfigurationPlatforms) = preSolution
		Debug|Any CPU = Debug|Any CPU
		Release|Any CPU = Release|Any CPU
	EndGlobalSection
	GlobalSection(ProjectConfigurationPlatforms) = postSolution
		{D4407276-1C4E-530A-C601-295724A94157}.Debug|Any CPU.ActiveCfg = Debug|Any CPU
		{D4407276-1C4E-530A-C601-295724A94157}.Debug|Any CPU.Build.0 = Debug|Any CPU
		{D4407276-1C4E-530A-C601-295724A94157}.Release|Any CPU.ActiveCfg = Release|Any CPU
		{D4407276-1C4E-530A-C601-295724A94157}.Release|Any CPU.Build.0 = Release|Any CPU
	EndGlobalSection
	GlobalSection(SolutionProperties) = preSolution
		HideSolutionNode = FALSE
	EndGlobalSection
	GlobalSection(ExtensibilityGlobals) = postSolution
		SolutionGuid = {E51ADB93-BE36-4942-B881-3EEE72A5A72D}
	EndGlobalSection
EndGlobal
